
Microsoft Visual Studio Solution File, Format Version 12.00
# Visual Studio Version 17
VisualStudioVersion = 17.1.32407.343
MinimumVisualStudioVersion = 10.0.40219.1
Project("{FAE04EC0-301F-11D3-BF4B-00C04F79EFBC}") = "roundnumbers", "roundnumbers.csproj", "{1C8773B2-44B4-409E-8B75-864758D6BD84}"
EndProject
Global
	GlobalSection(SolutionConfigurationPlatforms) = preSolution
		Debug|Any CPU = Debug|Any CPU
		Release|Any CPU = Release|Any CPU
	EndGlobalSection
	GlobalSection(ProjectConfigurationPlatforms) = postSolution
		{1C8773B2-44B4-409E-8B75-864758D6BD84}.Debug|Any CPU.ActiveCfg = Debug|Any CPU
		{1C8773B2-44B4-409E-8B75-864758D6BD84}.Debug|Any CPU.Build.0 = Debug|Any CPU
		{1C8773B2-44B4-409E-8B75-864758D6BD84}.Release|Any CPU.ActiveCfg = Release|Any CPU
		{1C8773B2-44B4-409E-8B75-864758D6BD84}.Release|Any CPU.Build.0 = Release|Any CPU
	EndGlobalSection
	GlobalSection(SolutionProperties) = preSolution
		HideSolutionNode = FALSE
	EndGlobalSection
	GlobalSection(ExtensibilityGlobals) = postSolution
		SolutionGuid = {AF064E7F-6E28-45A0-900A-45557210C93C}
	EndGlobalSection
EndGlobal
